
Microsoft Visual Studio Solution File, Format Version 12.00
# Visual Studio Version 17
VisualStudioVersion = 17.2.32526.322
MinimumVisualStudioVersion = 10.0.40219.1
Project("{FAE04EC0-301F-11D3-BF4B-00C04F79EFBC}") = "ArithmeticOperators", "ArithmeticOperators\ArithmeticOperators.csproj", "{06F6C8C6-116B-4122-9BAA-AC110D78B761}"
EndProject
Global
	GlobalSection(SolutionConfigurationPlatforms) = preSolution
		Debug|Any CPU = Debug|Any CPU
		Release|Any CPU = Release|Any CPU
	EndGlobalSection
	GlobalSection(ProjectConfigurationPlatforms) = postSolution
		{06F6C8C6-116B-4122-9BAA-AC110D78B761}.Debug|Any CPU.ActiveCfg = Debug|Any CPU
		{06F6C8C6-116B-4122-9BAA-AC110D78B761}.Debug|Any CPU.Build.0 = Debug|Any CPU
		{06F6C8C6-116B-4122-9BAA-AC110D78B761}.Release|Any CPU.ActiveCfg = Release|Any CPU
		{06F6C8C6-116B-4122-9BAA-AC110D78B761}.Release|Any CPU.Build.0 = Release|Any CPU
	EndGlobalSection
	GlobalSection(SolutionProperties) = preSolution
		HideSolutionNode = FALSE
	EndGlobalSection
	GlobalSection(ExtensibilityGlobals) = postSolution
		SolutionGuid = {5D20C97B-F24B-4512-BDDB-45CF3AE5F352}
	EndGlobalSection
EndGlobal
